NeoBundleLock neobundle.vim c6fa48cd665071b7a4dbf5ab53f48cd5884716ee
NeoBundleLock neocomplete.vim 4fd73faa262f5e3063422d9fc244c65f1b758cf3
NeoBundleLock rsense 2952a54972cf927d5419085d1867b65ff7ab0d41
NeoBundleLock syntastic 159900a1a2d3db2c4d3757f1085f377c6e59ac02
NeoBundleLock vim-endwise d5655263af8b3611a2bcb907a9963831a88d154b
NeoBundleLock vim-ref b45d10f6d0c82e3afd17774626e952fde03274a1
NeoBundleLock vim-ref-ri be7057de4a039969738108234463fc2ad6dae1a0
NeoBundleLock vim-tags e75dea76e488d9208ed73c53c46a4abee2695115
